# THIS IS AN AUTOGENERATED FILE. DO NOT EDIT THIS FILE DIRECTLY.
# yarn lockfile v1


emotion@^11.0.0:
  version "11.0.0"
  resolved "https://registry.yarnpkg.com/emotion/-/emotion-11.0.0.tgz#e33353668e72f0adea1f6fba790dc6c5b05b45d9"
  integrity sha512-QW3CRqic3aRw1OBOcnvxaHEpCmxtlGwZ5tM9dV5rY3Rn+F41E8EgTPOqJ5VfsqQ5ZXHDs2zSDyUwGI0ZfC2+5A==
